
Microsoft Visual Studio Solution File, Format Version 12.00
# Visual Studio 15
VisualStudioVersion = 15.0.28307.572
MinimumVisualStudioVersion = 10.0.40219.1
Project("{F2A71F9B-5D33-465A-A702-920D77279786}") = "Microwave.Core", "Microwave.Core\Microwave.Core.fsproj", "{B8ABF096-1FA5-4858-95B0-36B3DCE923E4}"
EndProject
Project("{FAE04EC0-301F-11D3-BF4B-00C04F79EFBC}") = "Microwave.Web", "Microwave.Web\Microwave.Web.csproj", "{00E1DFD5-F68F-409F-AA69-C1D6492C8D89}"
EndProject
Global
	GlobalSection(SolutionConfigurationPlatforms) = preSolution
		Debug|Any CPU = Debug|Any CPU
		Release|Any CPU = Release|Any CPU
	EndGlobalSection
	GlobalSection(ProjectConfigurationPlatforms) = postSolution
		{B8ABF096-1FA5-4858-95B0-36B3DCE923E4}.Debug|Any CPU.ActiveCfg = Debug|Any CPU
		{B8ABF096-1FA5-4858-95B0-36B3DCE923E4}.Debug|Any CPU.Build.0 = Debug|Any CPU
		{B8ABF096-1FA5-4858-95B0-36B3DCE923E4}.Release|Any CPU.ActiveCfg = Release|Any CPU
		{B8ABF096-1FA5-4858-95B0-36B3DCE923E4}.Release|Any CPU.Build.0 = Release|Any CPU
		{00E1DFD5-F68F-409F-AA69-C1D6492C8D89}.Debug|Any CPU.ActiveCfg = Debug|Any CPU
		{00E1DFD5-F68F-409F-AA69-C1D6492C8D89}.Debug|Any CPU.Build.0 = Debug|Any CPU
		{00E1DFD5-F68F-409F-AA69-C1D6492C8D89}.Release|Any CPU.ActiveCfg = Release|Any CPU
		{00E1DFD5-F68F-409F-AA69-C1D6492C8D89}.Release|Any CPU.Build.0 = Release|Any CPU
	EndGlobalSection
	GlobalSection(SolutionProperties) = preSolution
		HideSolutionNode = FALSE
	EndGlobalSection
	GlobalSection(ExtensibilityGlobals) = postSolution
		SolutionGuid = {90DCA0B2-EC81-47F5-B4B9-CDD744492CF1}
	EndGlobalSection
EndGlobal
